
Microsoft Visual Studio Solution File, Format Version 12.00
# Visual Studio Version 17
VisualStudioVersion = 17.14.36408.4 d17.14
MinimumVisualStudioVersion = 10.0.40219.1
Project("{FAE04EC0-301F-11D3-BF4B-00C04F79EFBC}") = "Exchange56.RoleAccessEnum", "Exchange56.RoleAccessEnum\Exchange56.RoleAccessEnum.csproj", "{B6E5115A-C4AC-4CFA-9C66-12829F270CF1}"
EndProject
Project("{FAE04EC0-301F-11D3-BF4B-00C04F79EFBC}") = "Exchange56.RoleAccessEnum.Interfaces", "Exchange56.RoleAccessEnum.Interfaces\Exchange56.RoleAccessEnum.Interfaces.csproj", "{C782AE23-9365-45F5-B6D5-38A8F8D902EB}"
EndProject
Project("{FAE04EC0-301F-11D3-BF4B-00C04F79EFBC}") = "BlazorServerAspNetIdentityDemo", "BlazorServerAspNetIdentityDemo\BlazorServerAspNetIdentityDemo.csproj", "{5319B073-48EA-429E-B6E1-40EC461291CC}"
EndProject
Global
	GlobalSection(SolutionConfigurationPlatforms) = preSolution
		Debug|Any CPU = Debug|Any CPU
		Release|Any CPU = Release|Any CPU
	EndGlobalSection
	GlobalSection(ProjectConfigurationPlatforms) = postSolution
		{B6E5115A-C4AC-4CFA-9C66-12829F270CF1}.Debug|Any CPU.ActiveCfg = Debug|Any CPU
		{B6E5115A-C4AC-4CFA-9C66-12829F270CF1}.Debug|Any CPU.Build.0 = Debug|Any CPU
		{B6E5115A-C4AC-4CFA-9C66-12829F270CF1}.Release|Any CPU.ActiveCfg = Release|Any CPU
		{B6E5115A-C4AC-4CFA-9C66-12829F270CF1}.Release|Any CPU.Build.0 = Release|Any CPU
		{C782AE23-9365-45F5-B6D5-38A8F8D902EB}.Debug|Any CPU.ActiveCfg = Debug|Any CPU
		{C782AE23-9365-45F5-B6D5-38A8F8D902EB}.Debug|Any CPU.Build.0 = Debug|Any CPU
		{C782AE23-9365-45F5-B6D5-38A8F8D902EB}.Release|Any CPU.ActiveCfg = Release|Any CPU
		{C782AE23-9365-45F5-B6D5-38A8F8D902EB}.Release|Any CPU.Build.0 = Release|Any CPU
		{5319B073-48EA-429E-B6E1-40EC461291CC}.Debug|Any CPU.ActiveCfg = Debug|Any CPU
		{5319B073-48EA-429E-B6E1-40EC461291CC}.Debug|Any CPU.Build.0 = Debug|Any CPU
		{5319B073-48EA-429E-B6E1-40EC461291CC}.Release|Any CPU.ActiveCfg = Release|Any CPU
		{5319B073-48EA-429E-B6E1-40EC461291CC}.Release|Any CPU.Build.0 = Release|Any CPU
	EndGlobalSection
	GlobalSection(SolutionProperties) = preSolution
		HideSolutionNode = FALSE
	EndGlobalSection
	GlobalSection(ExtensibilityGlobals) = postSolution
		SolutionGuid = {AF90EA59-8B8D-4D26-B917-F8B21FBD5C92}
	EndGlobalSection
EndGlobal
